
Microsoft Visual Studio Solution File, Format Version 12.00
# Visual Studio Version 17
VisualStudioVersion = 17.14.36408.4
MinimumVisualStudioVersion = 10.0.40219.1
Project("{FAE04EC0-301F-11D3-BF4B-00C04F79EFBC}") = "NShoppingCart.Api", "NShoppingCart.Api.csproj", "{58574063-1A03-402B-B590-F2090DF94E62}"
EndProject
Project("{FAE04EC0-301F-11D3-BF4B-00C04F79EFBC}") = "NShoppingCart.Application", "..\NShoppingCart.Application\NShoppingCart.Application.csproj", "{F26E17B9-A95E-430F-910D-6AD1F92C2D7B}"
EndProject
Project("{FAE04EC0-301F-11D3-BF4B-00C04F79EFBC}") = "NShoppingCart.Core", "..\NShoppingCart.Core\NShoppingCart.Core.csproj", "{067A9F24-F739-4C58-BA3A-F8B134627CDF}"
EndProject
Project("{FAE04EC0-301F-11D3-BF4B-00C04F79EFBC}") = "NShoppingCart.Infrastructure", "..\NShoppingCart.Infrastructure\NShoppingCart.Infrastructure.csproj", "{D6EBDE9D-BEE8-42AD-83DD-2BBFD83D3304}"
EndProject
Project("{FAE04EC0-301F-11D3-BF4B-00C04F79EFBC}") = "NShoppingCart.Test", "..\NShoppingCart.Test\NShoppingCart.Test.csproj", "{85F72453-BDB8-497D-80A1-A0B8D821CA4A}"
EndProject
Global
	GlobalSection(SolutionConfigurationPlatforms) = preSolution
		Debug|Any CPU = Debug|Any CPU
		Debug|x64 = Debug|x64
		Debug|x86 = Debug|x86
		Release|Any CPU = Release|Any CPU
		Release|x64 = Release|x64
		Release|x86 = Release|x86
	EndGlobalSection
	GlobalSection(ProjectConfigurationPlatforms) = postSolution
		{58574063-1A03-402B-B590-F2090DF94E62}.Debug|Any CPU.ActiveCfg = Debug|Any CPU
		{58574063-1A03-402B-B590-F2090DF94E62}.Debug|Any CPU.Build.0 = Debug|Any CPU
		{58574063-1A03-402B-B590-F2090DF94E62}.Debug|x64.ActiveCfg = Debug|Any CPU
		{58574063-1A03-402B-B590-F2090DF94E62}.Debug|x64.Build.0 = Debug|Any CPU
		{58574063-1A03-402B-B590-F2090DF94E62}.Debug|x86.ActiveCfg = Debug|Any CPU
		{58574063-1A03-402B-B590-F2090DF94E62}.Debug|x86.Build.0 = Debug|Any CPU
		{58574063-1A03-402B-B590-F2090DF94E62}.Release|Any CPU.ActiveCfg = Release|Any CPU
		{58574063-1A03-402B-B590-F2090DF94E62}.Release|Any CPU.Build.0 = Release|Any CPU
		{58574063-1A03-402B-B590-F2090DF94E62}.Release|x64.ActiveCfg = Release|Any CPU
		{58574063-1A03-402B-B590-F2090DF94E62}.Release|x64.Build.0 = Release|Any CPU
		{58574063-1A03-402B-B590-F2090DF94E62}.Release|x86.ActiveCfg = Release|Any CPU
		{58574063-1A03-402B-B590-F2090DF94E62}.Release|x86.Build.0 = Release|Any CPU
		{F26E17B9-A95E-430F-910D-6AD1F92C2D7B}.Debug|Any CPU.ActiveCfg = Debug|Any CPU
		{F26E17B9-A95E-430F-910D-6AD1F92C2D7B}.Debug|Any CPU.Build.0 = Debug|Any CPU
		{F26E17B9-A95E-430F-910D-6AD1F92C2D7B}.Debug|x64.ActiveCfg = Debug|Any CPU
		{F26E17B9-A95E-430F-910D-6AD1F92C2D7B}.Debug|x64.Build.0 = Debug|Any CPU
		{F26E17B9-A95E-430F-910D-6AD1F92C2D7B}.Debug|x86.ActiveCfg = Debug|Any CPU
		{F26E17B9-A95E-430F-910D-6AD1F92C2D7B}.Debug|x86.Build.0 = Debug|Any CPU
		{F26E17B9-A95E-430F-910D-6AD1F92C2D7B}.Release|Any CPU.ActiveCfg = Release|Any CPU
		{F26E17B9-A95E-430F-910D-6AD1F92C2D7B}.Release|Any CPU.Build.0 = Release|Any CPU
		{F26E17B9-A95E-430F-910D-6AD1F92C2D7B}.Release|x64.ActiveCfg = Release|Any CPU
		{F26E17B9-A95E-430F-910D-6AD1F92C2D7B}.Release|x64.Build.0 = Release|Any CPU
		{F26E17B9-A95E-430F-910D-6AD1F92C2D7B}.Release|x86.ActiveCfg = Release|Any CPU
		{F26E17B9-A95E-430F-910D-6AD1F92C2D7B}.Release|x86.Build.0 = Release|Any CPU
		{067A9F24-F739-4C58-BA3A-F8B134627CDF}.Debug|Any CPU.ActiveCfg = Debug|Any CPU
		{067A9F24-F739-4C58-BA3A-F8B134627CDF}.Debug|Any CPU.Build.0 = Debug|Any CPU
		{067A9F24-F739-4C58-BA3A-F8B134627CDF}.Debug|x64.ActiveCfg = Debug|Any CPU
		{067A9F24-F739-4C58-BA3A-F8B134627CDF}.Debug|x64.Build.0 = Debug|Any CPU
		{067A9F24-F739-4C58-BA3A-F8B134627CDF}.Debug|x86.ActiveCfg = Debug|Any CPU
		{067A9F24-F739-4C58-BA3A-F8B134627CDF}.Debug|x86.Build.0 = Debug|Any CPU
		{067A9F24-F739-4C58-BA3A-F8B134627CDF}.Release|Any CPU.ActiveCfg = Release|Any CPU
		{067A9F24-F739-4C58-BA3A-F8B134627CDF}.Release|Any CPU.Build.0 = Release|Any CPU
		{067A9F24-F739-4C58-BA3A-F8B134627CDF}.Release|x64.ActiveCfg = Release|Any CPU
		{067A9F24-F739-4C58-BA3A-F8B134627CDF}.Release|x64.Build.0 = Release|Any CPU
		{067A9F24-F739-4C58-BA3A-F8B134627CDF}.Release|x86.ActiveCfg = Release|Any CPU
		{067A9F24-F739-4C58-BA3A-F8B134627CDF}.Release|x86.Build.0 = Release|Any CPU
		{D6EBDE9D-BEE8-42AD-83DD-2BBFD83D3304}.Debug|Any CPU.ActiveCfg = Debug|Any CPU
		{D6EBDE9D-BEE8-42AD-83DD-2BBFD83D3304}.Debug|Any CPU.Build.0 = Debug|Any CPU
		{D6EBDE9D-BEE8-42AD-83DD-2BBFD83D3304}.Debug|x64.ActiveCfg = Debug|Any CPU
		{D6EBDE9D-BEE8-42AD-83DD-2BBFD83D3304}.Debug|x64.Build.0 = Debug|Any CPU
		{D6EBDE9D-BEE8-42AD-83DD-2BBFD83D3304}.Debug|x86.ActiveCfg = Debug|Any CPU
		{D6EBDE9D-BEE8-42AD-83DD-2BBFD83D3304}.Debug|x86.Build.0 = Debug|Any CPU
		{D6EBDE9D-BEE8-42AD-83DD-2BBFD83D3304}.Release|Any CPU.ActiveCfg = Release|Any CPU
		{D6EBDE9D-BEE8-42AD-83DD-2BBFD83D3304}.Release|Any CPU.Build.0 = Release|Any CPU
		{D6EBDE9D-BEE8-42AD-83DD-2BBFD83D3304}.Release|x64.ActiveCfg = Release|Any CPU
		{D6EBDE9D-BEE8-42AD-83DD-2BBFD83D3304}.Release|x64.Build.0 = Release|Any CPU
		{D6EBDE9D-BEE8-42AD-83DD-2BBFD83D3304}.Release|x86.ActiveCfg = Release|Any CPU
		{D6EBDE9D-BEE8-42AD-83DD-2BBFD83D3304}.Release|x86.Build.0 = Release|Any CPU
		{85F72453-BDB8-497D-80A1-A0B8D821CA4A}.Debug|Any CPU.ActiveCfg = Debug|Any CPU
		{85F72453-BDB8-497D-80A1-A0B8D821CA4A}.Debug|Any CPU.Build.0 = Debug|Any CPU
		{85F72453-BDB8-497D-80A1-A0B8D821CA4A}.Debug|x64.ActiveCfg = Debug|Any CPU
		{85F72453-BDB8-497D-80A1-A0B8D821CA4A}.Debug|x64.Build.0 = Debug|Any CPU
		{85F72453-BDB8-497D-80A1-A0B8D821CA4A}.Debug|x86.ActiveCfg = Debug|Any CPU
		{85F72453-BDB8-497D-80A1-A0B8D821CA4A}.Debug|x86.Build.0 = Debug|Any CPU
		{85F72453-BDB8-497D-80A1-A0B8D821CA4A}.Release|Any CPU.ActiveCfg = Release|Any CPU
		{85F72453-BDB8-497D-80A1-A0B8D821CA4A}.Release|Any CPU.Build.0 = Release|Any CPU
		{85F72453-BDB8-497D-80A1-A0B8D821CA4A}.Release|x64.ActiveCfg = Release|Any CPU
		{85F72453-BDB8-497D-80A1-A0B8D821CA4A}.Release|x64.Build.0 = Release|Any CPU
		{85F72453-BDB8-497D-80A1-A0B8D821CA4A}.Release|x86.ActiveCfg = Release|Any CPU
		{85F72453-BDB8-497D-80A1-A0B8D821CA4A}.Release|x86.Build.0 = Release|Any CPU
	EndGlobalSection
	GlobalSection(SolutionProperties) = preSolution
		HideSolutionNode = FALSE
	EndGlobalSection
	GlobalSection(ExtensibilityGlobals) = postSolution
		SolutionGuid = {03DA05C0-36DF-4204-9D2A-53E2ED340D01}
	EndGlobalSection
EndGlobal
